
Microsoft Visual Studio Solution File, Format Version 12.00
# Visual Studio Version 17
VisualStudioVersion = 17.14.36429.23 d17.14
MinimumVisualStudioVersion = 10.0.40219.1
Project("{FAE04EC0-301F-11D3-BF4B-00C04F79EFBC}") = "hazi 09.16", "hazi 09.16\hazi 09.16.csproj", "{C61520EA-EB54-4C42-A1AA-4915E6924BB0}"
EndProject
Global
	GlobalSection(SolutionConfigurationPlatforms) = preSolution
		Debug|Any CPU = Debug|Any CPU
		Release|Any CPU = Release|Any CPU
	EndGlobalSection
	GlobalSection(ProjectConfigurationPlatforms) = postSolution
		{C61520EA-EB54-4C42-A1AA-4915E6924BB0}.Debug|Any CPU.ActiveCfg = Debug|Any CPU
		{C61520EA-EB54-4C42-A1AA-4915E6924BB0}.Debug|Any CPU.Build.0 = Debug|Any CPU
		{C61520EA-EB54-4C42-A1AA-4915E6924BB0}.Release|Any CPU.ActiveCfg = Release|Any CPU
		{C61520EA-EB54-4C42-A1AA-4915E6924BB0}.Release|Any CPU.Build.0 = Release|Any CPU
	EndGlobalSection
	GlobalSection(SolutionProperties) = preSolution
		HideSolutionNode = FALSE
	EndGlobalSection
	GlobalSection(ExtensibilityGlobals) = postSolution
		SolutionGuid = {562F597A-3C08-4562-9A56-7E8921AC3CD8}
	EndGlobalSection
EndGlobal
